
Microsoft Visual Studio Solution File, Format Version 12.00
# Visual Studio Version 17
VisualStudioVersion = 17.3.32901.215
MinimumVisualStudioVersion = 10.0.40219.1
Project("{FAE04EC0-301F-11D3-BF4B-00C04F79EFBC}") = "Calculator", "Calculator\Calculator.csproj", "{9C7D9724-FC5C-435F-86B4-78419F564980}"
EndProject
Global
	GlobalSection(SolutionConfigurationPlatforms) = preSolution
		Debug|Any CPU = Debug|Any CPU
		Release|Any CPU = Release|Any CPU
	EndGlobalSection
	GlobalSection(ProjectConfigurationPlatforms) = postSolution
		{9C7D9724-FC5C-435F-86B4-78419F564980}.Debug|Any CPU.ActiveCfg = Debug|Any CPU
		{9C7D9724-FC5C-435F-86B4-78419F564980}.Debug|Any CPU.Build.0 = Debug|Any CPU
		{9C7D9724-FC5C-435F-86B4-78419F564980}.Release|Any CPU.ActiveCfg = Release|Any CPU
		{9C7D9724-FC5C-435F-86B4-78419F564980}.Release|Any CPU.Build.0 = Release|Any CPU
	EndGlobalSection
	GlobalSection(SolutionProperties) = preSolution
		HideSolutionNode = FALSE
	EndGlobalSection
	GlobalSection(ExtensibilityGlobals) = postSolution
		SolutionGuid = {EBDA8CBD-B3C1-4160-8D5C-18EF211930C2}
	EndGlobalSection
EndGlobal
